
Microsoft Visual Studio Solution File, Format Version 12.00
Project("{FAE04EC0-301F-11D3-BF4B-00C04F79EFBC}") = "CreationalPatterns", "CreationalPatterns\CreationalPatterns.csproj", "{32AC0CC8-2BB8-4BC0-9F37-4A506CE775BC}"
EndProject
Project("{2150E333-8FDC-42A3-9474-1A3956D46DE8}") = "Tests", "Tests", "{6328A0C9-0FA2-4228-A715-E12A6B80701A}"
EndProject
Project("{FAE04EC0-301F-11D3-BF4B-00C04F79EFBC}") = "CreationalPatterns.Tests", "CreationalPatterns.Tests\CreationalPatterns.Tests.csproj", "{3BF7A662-E986-4D31-B14B-238BB4D5FB57}"
EndProject
Project("{FAE04EC0-301F-11D3-BF4B-00C04F79EFBC}") = "StructuralPatterns", "StructuralPatterns\StructuralPatterns.csproj", "{B787F6CF-F9EA-4CEE-B0C8-BF48AFEB2906}"
EndProject
Project("{FAE04EC0-301F-11D3-BF4B-00C04F79EFBC}") = "ConsoleApp", "ConsoleApp\ConsoleApp.csproj", "{681560A3-9184-40CA-A722-F4F96572C58E}"
EndProject
Project("{FAE04EC0-301F-11D3-BF4B-00C04F79EFBC}") = "BehavioralPatterns", "BehavioralPatterns\BehavioralPatterns.csproj", "{2FFB1E63-56B6-4E40-A1BB-10293541C8D6}"
EndProject
Project("{2150E333-8FDC-42A3-9474-1A3956D46DE8}") = "Patterns", "Patterns", "{7CB89A25-CD7C-4A2C-A609-E422DC6CF8BD}"
EndProject
Global
	GlobalSection(SolutionConfigurationPlatforms) = preSolution
		Debug|Any CPU = Debug|Any CPU
		Release|Any CPU = Release|Any CPU
	EndGlobalSection
	GlobalSection(ProjectConfigurationPlatforms) = postSolution
		{32AC0CC8-2BB8-4BC0-9F37-4A506CE775BC}.Debug|Any CPU.ActiveCfg = Debug|Any CPU
		{32AC0CC8-2BB8-4BC0-9F37-4A506CE775BC}.Debug|Any CPU.Build.0 = Debug|Any CPU
		{32AC0CC8-2BB8-4BC0-9F37-4A506CE775BC}.Release|Any CPU.ActiveCfg = Release|Any CPU
		{32AC0CC8-2BB8-4BC0-9F37-4A506CE775BC}.Release|Any CPU.Build.0 = Release|Any CPU
		{3BF7A662-E986-4D31-B14B-238BB4D5FB57}.Debug|Any CPU.ActiveCfg = Debug|Any CPU
		{3BF7A662-E986-4D31-B14B-238BB4D5FB57}.Debug|Any CPU.Build.0 = Debug|Any CPU
		{3BF7A662-E986-4D31-B14B-238BB4D5FB57}.Release|Any CPU.ActiveCfg = Release|Any CPU
		{3BF7A662-E986-4D31-B14B-238BB4D5FB57}.Release|Any CPU.Build.0 = Release|Any CPU
		{B787F6CF-F9EA-4CEE-B0C8-BF48AFEB2906}.Debug|Any CPU.ActiveCfg = Debug|Any CPU
		{B787F6CF-F9EA-4CEE-B0C8-BF48AFEB2906}.Debug|Any CPU.Build.0 = Debug|Any CPU
		{B787F6CF-F9EA-4CEE-B0C8-BF48AFEB2906}.Release|Any CPU.ActiveCfg = Release|Any CPU
		{B787F6CF-F9EA-4CEE-B0C8-BF48AFEB2906}.Release|Any CPU.Build.0 = Release|Any CPU
		{681560A3-9184-40CA-A722-F4F96572C58E}.Debug|Any CPU.ActiveCfg = Debug|Any CPU
		{681560A3-9184-40CA-A722-F4F96572C58E}.Debug|Any CPU.Build.0 = Debug|Any CPU
		{681560A3-9184-40CA-A722-F4F96572C58E}.Release|Any CPU.ActiveCfg = Release|Any CPU
		{681560A3-9184-40CA-A722-F4F96572C58E}.Release|Any CPU.Build.0 = Release|Any CPU
		{2FFB1E63-56B6-4E40-A1BB-10293541C8D6}.Debug|Any CPU.ActiveCfg = Debug|Any CPU
		{2FFB1E63-56B6-4E40-A1BB-10293541C8D6}.Debug|Any CPU.Build.0 = Debug|Any CPU
		{2FFB1E63-56B6-4E40-A1BB-10293541C8D6}.Release|Any CPU.ActiveCfg = Release|Any CPU
		{2FFB1E63-56B6-4E40-A1BB-10293541C8D6}.Release|Any CPU.Build.0 = Release|Any CPU
	EndGlobalSection
	GlobalSection(NestedProjects) = preSolution
		{3BF7A662-E986-4D31-B14B-238BB4D5FB57} = {6328A0C9-0FA2-4228-A715-E12A6B80701A}
		{2FFB1E63-56B6-4E40-A1BB-10293541C8D6} = {7CB89A25-CD7C-4A2C-A609-E422DC6CF8BD}
		{32AC0CC8-2BB8-4BC0-9F37-4A506CE775BC} = {7CB89A25-CD7C-4A2C-A609-E422DC6CF8BD}
		{B787F6CF-F9EA-4CEE-B0C8-BF48AFEB2906} = {7CB89A25-CD7C-4A2C-A609-E422DC6CF8BD}
	EndGlobalSection
EndGlobal
